// !$*UTF8*$!
{
	archiveVersion = 1;
	classes = {
	};
	objectVersion = 56;
	objects = {

/* Begin PBXBuildFile section */
		2512A6E12BF2117E009D8B74 /* GameView.swift in Sources */ = {isa = PBXBuildFile; fileRef = 2512A6E02BF2117E009D8B74 /* GameView.swift */; };
		256B47702BE8DF8200820795 /* MusicGameApp.swift in Sources */ = {isa = PBXBuildFile; fileRef = 256B476F2BE8DF8200820795 /* MusicGameApp.swift */; };
		256B47722BE8DF8200820795 /* ContentView.swift in Sources */ = {isa = PBXBuildFile; fileRef = 256B47712BE8DF8200820795 /* ContentView.swift */; };
		256B47742BE8DF8400820795 /* Assets.xcassets in Resources */ = {isa = PBXBuildFile; fileRef = 256B47732BE8DF8400820795 /* Assets.xcassets */; };
		256B47772BE8DF8400820795 /* Preview Assets.xcassets in Resources */ = {isa = PBXBuildFile; fileRef = 256B47762BE8DF8400820795 /* Preview Assets.xcassets */; };
		256B47812BE8DF8400820795 /* MusicGameTests.swift in Sources */ = {isa = PBXBuildFile; fileRef = 256B47802BE8DF8400820795 /* MusicGameTests.swift */; };
		256B478B2BE8DF8400820795 /* MusicGameUITests.swift in Sources */ = {isa = PBXBuildFile; fileRef = 256B478A2BE8DF8400820795 /* MusicGameUITests.swift */; };
		256B478D2BE8DF8400820795 /* MusicGameUITestsLaunchTests.swift in Sources */ = {isa = PBXBuildFile; fileRef = 256B478C2BE8DF8400820795 /* MusicGameUITestsLaunchTests.swift */; };
		256B479B2BE8E08100820795 /* MusicKitManager.swift in Sources */ = {isa = PBXBuildFile; fileRef = 256B479A2BE8E08100820795 /* MusicKitManager.swift */; };
		256B479E2BE9F30D00820795 /* DisplayLinkManager.swift in Sources */ = {isa = PBXBuildFile; fileRef = 256B479D2BE9F30D00820795 /* DisplayLinkManager.swift */; };
		256C96D92BF201B7002076F5 /* MiniplayerView.swift in Sources */ = {isa = PBXBuildFile; fileRef = 256C96D82BF201B7002076F5 /* MiniplayerView.swift */; };
		256C96DB2BF204EE002076F5 /* TimeInterval+FormatDuration.swift in Sources */ = {isa = PBXBuildFile; fileRef = 256C96DA2BF204EE002076F5 /* TimeInterval+FormatDuration.swift */; };
		256C96DD2BF20617002076F5 /* MusicManager.swift in Sources */ = {isa = PBXBuildFile; fileRef = 256C96DC2BF20617002076F5 /* MusicManager.swift */; };
		25819D5C2BEA33FD00BB2166 /* SelectPlaylistView.swift in Sources */ = {isa = PBXBuildFile; fileRef = 25819D5B2BEA33FD00BB2166 /* SelectPlaylistView.swift */; };
		25819D5F2BEA360500BB2166 /* MusadoraKit in Frameworks */ = {isa = PBXBuildFile; productRef = 25819D5E2BEA360500BB2166 /* MusadoraKit */; };
		25819D612BEA377500BB2166 /* PlaylistImageView.swift in Sources */ = {isa = PBXBuildFile; fileRef = 25819D602BEA377500BB2166 /* PlaylistImageView.swift */; };
		25819D642BEA37A400BB2166 /* CachedAsyncImage in Frameworks */ = {isa = PBXBuildFile; productRef = 25819D632BEA37A400BB2166 /* CachedAsyncImage */; };
		25819D662BEA516500BB2166 /* PickedPlaylistView.swift in Sources */ = {isa = PBXBuildFile; fileRef = 25819D652BEA516500BB2166 /* PickedPlaylistView.swift */; };
		25E0F44B2BF22B6A006AA78D /* OnTick.swift in Sources */ = {isa = PBXBuildFile; fileRef = 25E0F44A2BF22B6A006AA78D /* OnTick.swift */; };
/* End PBXBuildFile section */

/* Begin PBXContainerItemProxy section */
		256B477D2BE8DF8400820795 /* PBXContainerItemProxy */ = {
			isa = PBXContainerItemProxy;
			containerPortal = 256B47642BE8DF8200820795 /* Project object */;
			proxyType = 1;
			remoteGlobalIDString = 256B476B2BE8DF8200820795;
			remoteInfo = MusicGame;
		};
		256B47872BE8DF8400820795 /* PBXContainerItemProxy */ = {
			isa = PBXContainerItemProxy;
			containerPortal = 256B47642BE8DF8200820795 /* Project object */;
			proxyType = 1;
			remoteGlobalIDString = 256B476B2BE8DF8200820795;
			remoteInfo = MusicGame;
		};
/* End PBXContainerItemProxy section */

/* Begin PBXFileReference section */
		2512A6E02BF2117E009D8B74 /* GameView.swift */ = {isa = PBXFileReference; lastKnownFileType = sourcecode.swift; path = GameView.swift; sourceTree = "<group>"; };
		256B476C2BE8DF8200820795 /* MusicGame.app */ = {isa = PBXFileReference; explicitFileType = wrapper.application; includeInIndex = 0; path = MusicGame.app; sourceTree = BUILT_PRODUCTS_DIR; };
		256B476F2BE8DF8200820795 /* MusicGameApp.swift */ = {isa = PBXFileReference; lastKnownFileType = sourcecode.swift; path = MusicGameApp.swift; sourceTree = "<group>"; };
		256B47712BE8DF8200820795 /* ContentView.swift */ = {isa = PBXFileReference; lastKnownFileType = sourcecode.swift; path = ContentView.swift; sourceTree = "<group>"; };
		256B47732BE8DF8400820795 /* Assets.xcassets */ = {isa = PBXFileReference; lastKnownFileType = folder.assetcatalog; path = Assets.xcassets; sourceTree = "<group>"; };
		256B47762BE8DF8400820795 /* Preview Assets.xcassets */ = {isa = PBXFileReference; lastKnownFileType = folder.assetcatalog; path = "Preview Assets.xcassets"; sourceTree = "<group>"; };
		256B477C2BE8DF8400820795 /* MusicGameTests.xctest */ = {isa = PBXFileReference; explicitFileType = wrapper.cfbundle; includeInIndex = 0; path = MusicGameTests.xctest; sourceTree = BUILT_PRODUCTS_DIR; };
		256B47802BE8DF8400820795 /* MusicGameTests.swift */ = {isa = PBXFileReference; lastKnownFileType = sourcecode.swift; path = MusicGameTests.swift; sourceTree = "<group>"; };
		256B47862BE8DF8400820795 /* MusicGameUITests.xctest */ = {isa = PBXFileReference; explicitFileType = wrapper.cfbundle; includeInIndex = 0; path = MusicGameUITests.xctest; sourceTree = BUILT_PRODUCTS_DIR; };
		256B478A2BE8DF8400820795 /* MusicGameUITests.swift */ = {isa = PBXFileReference; lastKnownFileType = sourcecode.swift; path = MusicGameUITests.swift; sourceTree = "<group>"; };
		256B478C2BE8DF8400820795 /* MusicGameUITestsLaunchTests.swift */ = {isa = PBXFileReference; lastKnownFileType = sourcecode.swift; path = MusicGameUITestsLaunchTests.swift; sourceTree = "<group>"; };
		256B479A2BE8E08100820795 /* MusicKitManager.swift */ = {isa = PBXFileReference; lastKnownFileType = sourcecode.swift; path = MusicKitManager.swift; sourceTree = "<group>"; };
		256B479D2BE9F30D00820795 /* DisplayLinkManager.swift */ = {isa = PBXFileReference; lastKnownFileType = sourcecode.swift; path = DisplayLinkManager.swift; sourceTree = "<group>"; };
		256C96D82BF201B7002076F5 /* MiniplayerView.swift */ = {isa = PBXFileReference; lastKnownFileType = sourcecode.swift; path = MiniplayerView.swift; sourceTree = "<group>"; };
		256C96DA2BF204EE002076F5 /* TimeInterval+FormatDuration.swift */ = {isa = PBXFileReference; lastKnownFileType = sourcecode.swift; path = "TimeInterval+FormatDuration.swift"; sourceTree = "<group>"; };
		256C96DC2BF20617002076F5 /* MusicManager.swift */ = {isa = PBXFileReference; lastKnownFileType = sourcecode.swift; path = MusicManager.swift; sourceTree = "<group>"; };
		25819D5B2BEA33FD00BB2166 /* SelectPlaylistView.swift */ = {isa = PBXFileReference; lastKnownFileType = sourcecode.swift; path = SelectPlaylistView.swift; sourceTree = "<group>"; };
		25819D602BEA377500BB2166 /* PlaylistImageView.swift */ = {isa = PBXFileReference; lastKnownFileType = sourcecode.swift; path = PlaylistImageView.swift; sourceTree = "<group>"; };
		25819D652BEA516500BB2166 /* PickedPlaylistView.swift */ = {isa = PBXFileReference; lastKnownFileType = sourcecode.swift; path = PickedPlaylistView.swift; sourceTree = "<group>"; };
		25E0F44A2BF22B6A006AA78D /* OnTick.swift */ = {isa = PBXFileReference; lastKnownFileType = sourcecode.swift; path = OnTick.swift; sourceTree = "<group>"; };
/* End PBXFileReference section */

/* Begin PBXFrameworksBuildPhase section */
		256B47692BE8DF8200820795 /* Frameworks */ = {
			isa = PBXFrameworksBuildPhase;
			buildActionMask = 2147483647;
			files = (
				25819D5F2BEA360500BB2166 /* MusadoraKit in Frameworks */,
				25819D642BEA37A400BB2166 /* CachedAsyncImage in Frameworks */,
			);
			runOnlyForDeploymentPostprocessing = 0;
		};
		256B47792BE8DF8400820795 /* Frameworks */ = {
			isa = PBXFrameworksBuildPhase;
			buildActionMask = 2147483647;
			files = (
			);
			runOnlyForDeploymentPostprocessing = 0;
		};
		256B47832BE8DF8400820795 /* Frameworks */ = {
			isa = PBXFrameworksBuildPhase;
			buildActionMask = 2147483647;
			files = (
			);
			runOnlyForDeploymentPostprocessing = 0;
		};
/* End PBXFrameworksBuildPhase section */

/* Begin PBXGroup section */
		2512A6DE2BF20A0C009D8B74 /* SelectPlaylist */ = {
			isa = PBXGroup;
			children = (
				25819D5B2BEA33FD00BB2166 /* SelectPlaylistView.swift */,
				25819D602BEA377500BB2166 /* PlaylistImageView.swift */,
			);
			path = SelectPlaylist;
			sourceTree = "<group>";
		};
		2512A6DF2BF2116F009D8B74 /* Game */ = {
			isa = PBXGroup;
			children = (
				2512A6E02BF2117E009D8B74 /* GameView.swift */,
			);
			path = Game;
			sourceTree = "<group>";
		};
		256B47632BE8DF8200820795 = {
			isa = PBXGroup;
			children = (
				256B476E2BE8DF8200820795 /* MusicGame */,
				256B477F2BE8DF8400820795 /* MusicGameTests */,
				256B47892BE8DF8400820795 /* MusicGameUITests */,
				256B476D2BE8DF8200820795 /* Products */,
			);
			sourceTree = "<group>";
		};
		256B476D2BE8DF8200820795 /* Products */ = {
			isa = PBXGroup;
			children = (
				256B476C2BE8DF8200820795 /* MusicGame.app */,
				256B477C2BE8DF8400820795 /* MusicGameTests.xctest */,
				256B47862BE8DF8400820795 /* MusicGameUITests.xctest */,
			);
			name = Products;
			sourceTree = "<group>";
		};
		256B476E2BE8DF8200820795 /* MusicGame */ = {
			isa = PBXGroup;
			children = (
				25819D5A2BEA33E300BB2166 /* Views */,
				256B479C2BE9F2FE00820795 /* Utils */,
				256B476F2BE8DF8200820795 /* MusicGameApp.swift */,
				256B47712BE8DF8200820795 /* ContentView.swift */,
				256B47732BE8DF8400820795 /* Assets.xcassets */,
				256B47752BE8DF8400820795 /* Preview Content */,
			);
			path = MusicGame;
			sourceTree = "<group>";
		};
		256B47752BE8DF8400820795 /* Preview Content */ = {
			isa = PBXGroup;
			children = (
				256B47762BE8DF8400820795 /* Preview Assets.xcassets */,
			);
			path = "Preview Content";
			sourceTree = "<group>";
		};
		256B477F2BE8DF8400820795 /* MusicGameTests */ = {
			isa = PBXGroup;
			children = (
				256B47802BE8DF8400820795 /* MusicGameTests.swift */,
			);
			path = MusicGameTests;
			sourceTree = "<group>";
		};
		256B47892BE8DF8400820795 /* MusicGameUITests */ = {
			isa = PBXGroup;
			children = (
				256B478A2BE8DF8400820795 /* MusicGameUITests.swift */,
				256B478C2BE8DF8400820795 /* MusicGameUITestsLaunchTests.swift */,
			);
			path = MusicGameUITests;
			sourceTree = "<group>";
		};
		256B479C2BE9F2FE00820795 /* Utils */ = {
			isa = PBXGroup;
			children = (
				256B479A2BE8E08100820795 /* MusicKitManager.swift */,
				256B479D2BE9F30D00820795 /* DisplayLinkManager.swift */,
				256C96DA2BF204EE002076F5 /* TimeInterval+FormatDuration.swift */,
				256C96DC2BF20617002076F5 /* MusicManager.swift */,
				25E0F44A2BF22B6A006AA78D /* OnTick.swift */,
			);
			path = Utils;
			sourceTree = "<group>";
		};
		256C96D72BF2017B002076F5 /* PickedPlaylist */ = {
			isa = PBXGroup;
			children = (
				25819D652BEA516500BB2166 /* PickedPlaylistView.swift */,
				256C96D82BF201B7002076F5 /* MiniplayerView.swift */,
			);
			path = PickedPlaylist;
			sourceTree = "<group>";
		};
		25819D5A2BEA33E300BB2166 /* Views */ = {
			isa = PBXGroup;
			children = (
				2512A6DF2BF2116F009D8B74 /* Game */,
				2512A6DE2BF20A0C009D8B74 /* SelectPlaylist */,
				256C96D72BF2017B002076F5 /* PickedPlaylist */,
			);
			path = Views;
			sourceTree = "<group>";
		};
/* End PBXGroup section */

/* Begin PBXNativeTarget section */
		256B476B2BE8DF8200820795 /* MusicGame */ = {
			isa = PBXNativeTarget;
			buildConfigurationList = 256B47902BE8DF8400820795 /* Build configuration list for PBXNativeTarget "MusicGame" */;
			buildPhases = (
				256B47682BE8DF8200820795 /* Sources */,
				256B47692BE8DF8200820795 /* Frameworks */,
				256B476A2BE8DF8200820795 /* Resources */,
			);
			buildRules = (
			);
			dependencies = (
			);
			name = MusicGame;
			packageProductDependencies = (
				25819D5E2BEA360500BB2166 /* MusadoraKit */,
				25819D632BEA37A400BB2166 /* CachedAsyncImage */,
			);
			productName = MusicGame;
			productReference = 256B476C2BE8DF8200820795 /* MusicGame.app */;
			productType = "com.apple.product-type.application";
		};
		256B477B2BE8DF8400820795 /* MusicGameTests */ = {
			isa = PBXNativeTarget;
			buildConfigurationList = 256B47932BE8DF8400820795 /* Build configuration list for PBXNativeTarget "MusicGameTests" */;
			buildPhases = (
				256B47782BE8DF8400820795 /* Sources */,
				256B47792BE8DF8400820795 /* Frameworks */,
				256B477A2BE8DF8400820795 /* Resources */,
			);
			buildRules = (
			);
			dependencies = (
				256B477E2BE8DF8400820795 /* PBXTargetDependency */,
			);
			name = MusicGameTests;
			productName = MusicGameTests;
			productReference = 256B477C2BE8DF8400820795 /* MusicGameTests.xctest */;
			productType = "com.apple.product-type.bundle.unit-test";
		};
		256B47852BE8DF8400820795 /* MusicGameUITests */ = {
			isa = PBXNativeTarget;
			buildConfigurationList = 256B47962BE8DF8400820795 /* Build configuration list for PBXNativeTarget "MusicGameUITests" */;
			buildPhases = (
				256B47822BE8DF8400820795 /* Sources */,
				256B47832BE8DF8400820795 /* Frameworks */,
				256B47842BE8DF8400820795 /* Resources */,
			);
			buildRules = (
			);
			dependencies = (
				256B47882BE8DF8400820795 /* PBXTargetDependency */,
			);
			name = MusicGameUITests;
			productName = MusicGameUITests;
			productReference = 256B47862BE8DF8400820795 /* MusicGameUITests.xctest */;
			productType = "com.apple.product-type.bundle.ui-testing";
		};
/* End PBXNativeTarget section */

/* Begin PBXProject section */
		256B47642BE8DF8200820795 /* Project object */ = {
			isa = PBXProject;
			attributes = {
				BuildIndependentTargetsInParallel = 1;
				LastSwiftUpdateCheck = 1520;
				LastUpgradeCheck = 1520;
				TargetAttributes = {
					256B476B2BE8DF8200820795 = {
						CreatedOnToolsVersion = 15.2;
					};
					256B477B2BE8DF8400820795 = {
						CreatedOnToolsVersion = 15.2;
						TestTargetID = 256B476B2BE8DF8200820795;
					};
					256B47852BE8DF8400820795 = {
						CreatedOnToolsVersion = 15.2;
						TestTargetID = 256B476B2BE8DF8200820795;
					};
				};
			};
			buildConfigurationList = 256B47672BE8DF8200820795 /* Build configuration list for PBXProject "MusicGame" */;
			compatibilityVersion = "Xcode 14.0";
			developmentRegion = en;
			hasScannedForEncodings = 0;
			knownRegions = (
				en,
				Base,
			);
			mainGroup = 256B47632BE8DF8200820795;
			packageReferences = (
				25819D5D2BEA360500BB2166 /* XCRemoteSwiftPackageReference "MusadoraKit" */,
				25819D622BEA37A400BB2166 /* XCRemoteSwiftPackageReference "CachedAsyncImage" */,
			);
			productRefGroup = 256B476D2BE8DF8200820795 /* Products */;
			projectDirPath = "";
			projectRoot = "";
			targets = (
				256B476B2BE8DF8200820795 /* MusicGame */,
				256B477B2BE8DF8400820795 /* MusicGameTests */,
				256B47852BE8DF8400820795 /* MusicGameUITests */,
			);
		};
/* End PBXProject section */

/* Begin PBXResourcesBuildPhase section */
		256B476A2BE8DF8200820795 /* Resources */ = {
			isa = PBXResourcesBuildPhase;
			buildActionMask = 2147483647;
			files = (
				256B47772BE8DF8400820795 /* Preview Assets.xcassets in Resources */,
				256B47742BE8DF8400820795 /* Assets.xcassets in Resources */,
			);
			runOnlyForDeploymentPostprocessing = 0;
		};
		256B477A2BE8DF8400820795 /* Resources */ = {
			isa = PBXResourcesBuildPhase;
			buildActionMask = 2147483647;
			files = (
			);
			runOnlyForDeploymentPostprocessing = 0;
		};
		256B47842BE8DF8400820795 /* Resources */ = {
			isa = PBXResourcesBuildPhase;
			buildActionMask = 2147483647;
			files = (
			);
			runOnlyForDeploymentPostprocessing = 0;
		};
/* End PBXResourcesBuildPhase section */

/* Begin PBXSourcesBuildPhase section */
		256B47682BE8DF8200820795 /* Sources */ = {
			isa = PBXSourcesBuildPhase;
			buildActionMask = 2147483647;
			files = (
				256B47722BE8DF8200820795 /* ContentView.swift in Sources */,
				25819D5C2BEA33FD00BB2166 /* SelectPlaylistView.swift in Sources */,
				25819D612BEA377500BB2166 /* PlaylistImageView.swift in Sources */,
				25E0F44B2BF22B6A006AA78D /* OnTick.swift in Sources */,
				25819D662BEA516500BB2166 /* PickedPlaylistView.swift in Sources */,
				256C96D92BF201B7002076F5 /* MiniplayerView.swift in Sources */,
				2512A6E12BF2117E009D8B74 /* GameView.swift in Sources */,
				256C96DB2BF204EE002076F5 /* TimeInterval+FormatDuration.swift in Sources */,
				256B479B2BE8E08100820795 /* MusicKitManager.swift in Sources */,
				256B479E2BE9F30D00820795 /* DisplayLinkManager.swift in Sources */,
				256B47702BE8DF8200820795 /* MusicGameApp.swift in Sources */,
				256C96DD2BF20617002076F5 /* MusicManager.swift in Sources */,
			);
			runOnlyForDeploymentPostprocessing = 0;
		};
		256B47782BE8DF8400820795 /* Sources */ = {
			isa = PBXSourcesBuildPhase;
			buildActionMask = 2147483647;
			files = (
				256B47812BE8DF8400820795 /* MusicGameTests.swift in Sources */,
			);
			runOnlyForDeploymentPostprocessing = 0;
		};
		256B47822BE8DF8400820795 /* Sources */ = {
			isa = PBXSourcesBuildPhase;
			buildActionMask = 2147483647;
			files = (
				256B478D2BE8DF8400820795 /* MusicGameUITestsLaunchTests.swift in Sources */,
				256B478B2BE8DF8400820795 /* MusicGameUITests.swift in Sources */,
			);
			runOnlyForDeploymentPostprocessing = 0;
		};
/* End PBXSourcesBuildPhase section */

/* Begin PBXTargetDependency section */
		256B477E2BE8DF8400820795 /* PBXTargetDependency */ = {
			isa = PBXTargetDependency;
			target = 256B476B2BE8DF8200820795 /* MusicGame */;
			targetProxy = 256B477D2BE8DF8400820795 /* PBXContainerItemProxy */;
		};
		256B47882BE8DF8400820795 /* PBXTargetDependency */ = {
			isa = PBXTargetDependency;
			target = 256B476B2BE8DF8200820795 /* MusicGame */;
			targetProxy = 256B47872BE8DF8400820795 /* PBXContainerItemProxy */;
		};
/* End PBXTargetDependency section */

/* Begin XCBuildConfiguration section */
		256B478E2BE8DF8400820795 /* Debug */ = {
			isa = XCBuildConfiguration;
			buildSettings = {
				ALWAYS_SEARCH_USER_PATHS = NO;
				ASSETCATALOG_COMPILER_GENERATE_SWIFT_ASSET_SYMBOL_EXTENSIONS = YES;
				CLANG_ANALYZER_NONNULL = YES;
				CLANG_ANALYZER_NUMBER_OBJECT_CONVERSION = YES_AGGRESSIVE;
				CLANG_CXX_LANGUAGE_STANDARD = "gnu++20";
				CLANG_ENABLE_MODULES = YES;
				CLANG_ENABLE_OBJC_ARC = YES;
				CLANG_ENABLE_OBJC_WEAK = YES;
				CLANG_WARN_BLOCK_CAPTURE_AUTORELEASING = YES;
				CLANG_WARN_BOOL_CONVERSION = YES;
				CLANG_WARN_COMMA = YES;
				CLANG_WARN_CONSTANT_CONVERSION = YES;
				CLANG_WARN_DEPRECATED_OBJC_IMPLEMENTATIONS = YES;
				CLANG_WARN_DIRECT_OBJC_ISA_USAGE = YES_ERROR;
				CLANG_WARN_DOCUMENTATION_COMMENTS = YES;
				CLANG_WARN_EMPTY_BODY = YES;
				CLANG_WARN_ENUM_CONVERSION = YES;
				CLANG_WARN_INFINITE_RECURSION = YES;
				CLANG_WARN_INT_CONVERSION = YES;
				CLANG_WARN_NON_LITERAL_NULL_CONVERSION = YES;
				CLANG_WARN_OBJC_IMPLICIT_RETAIN_SELF = YES;
				CLANG_WARN_OBJC_LITERAL_CONVERSION = YES;
				CLANG_WARN_OBJC_ROOT_CLASS = YES_ERROR;
				CLANG_WARN_QUOTED_INCLUDE_IN_FRAMEWORK_HEADER = YES;
				CLANG_WARN_RANGE_LOOP_ANALYSIS = YES;
				CLANG_WARN_STRICT_PROTOTYPES = YES;
				CLANG_WARN_SUSPICIOUS_MOVE = YES;
				CLANG_WARN_UNGUARDED_AVAILABILITY = YES_AGGRESSIVE;
				CLANG_WARN_UNREACHABLE_CODE = YES;
				CLANG_WARN__DUPLICATE_METHOD_MATCH = YES;
				COPY_PHASE_STRIP = NO;
				DEBUG_INFORMATION_FORMAT = dwarf;
				ENABLE_STRICT_OBJC_MSGSEND = YES;
				ENABLE_TESTABILITY = YES;
				ENABLE_USER_SCRIPT_SANDBOXING = YES;
				GCC_C_LANGUAGE_STANDARD = gnu17;
				GCC_DYNAMIC_NO_PIC = NO;
				GCC_NO_COMMON_BLOCKS = YES;
				GCC_OPTIMIZATION_LEVEL = 0;
				GCC_PREPROCESSOR_DEFINITIONS = (
					"DEBUG=1",
					"$(inherited)",
				);
				GCC_WARN_64_TO_32_BIT_CONVERSION = YES;
				GCC_WARN_ABOUT_RETURN_TYPE = YES_ERROR;
				GCC_WARN_UNDECLARED_SELECTOR = YES;
				GCC_WARN_UNINITIALIZED_AUTOS = YES_AGGRESSIVE;
				GCC_WARN_UNUSED_FUNCTION = YES;
				GCC_WARN_UNUSED_VARIABLE = YES;
				IPHONEOS_DEPLOYMENT_TARGET = 17.2;
				LOCALIZATION_PREFERS_STRING_CATALOGS = YES;
				MTL_ENABLE_DEBUG_INFO = INCLUDE_SOURCE;
				MTL_FAST_MATH = YES;
				ONLY_ACTIVE_ARCH = YES;
				SDKROOT = iphoneos;
				SWIFT_ACTIVE_COMPILATION_CONDITIONS = "DEBUG $(inherited)";
				SWIFT_OPTIMIZATION_LEVEL = "-Onone";
			};
			name = Debug;
		};
		256B478F2BE8DF8400820795 /* Release */ = {
			isa = XCBuildConfiguration;
			buildSettings = {
				ALWAYS_SEARCH_USER_PATHS = NO;
				ASSETCATALOG_COMPILER_GENERATE_SWIFT_ASSET_SYMBOL_EXTENSIONS = YES;
				CLANG_ANALYZER_NONNULL = YES;
				CLANG_ANALYZER_NUMBER_OBJECT_CONVERSION = YES_AGGRESSIVE;
				CLANG_CXX_LANGUAGE_STANDARD = "gnu++20";
				CLANG_ENABLE_MODULES = YES;
				CLANG_ENABLE_OBJC_ARC = YES;
				CLANG_ENABLE_OBJC_WEAK = YES;
				CLANG_WARN_BLOCK_CAPTURE_AUTORELEASING = YES;
				CLANG_WARN_BOOL_CONVERSION = YES;
				CLANG_WARN_COMMA = YES;
				CLANG_WARN_CONSTANT_CONVERSION = YES;
				CLANG_WARN_DEPRECATED_OBJC_IMPLEMENTATIONS = YES;
				CLANG_WARN_DIRECT_OBJC_ISA_USAGE = YES_ERROR;
				CLANG_WARN_DOCUMENTATION_COMMENTS = YES;
				CLANG_WARN_EMPTY_BODY = YES;
				CLANG_WARN_ENUM_CONVERSION = YES;
				CLANG_WARN_INFINITE_RECURSION = YES;
				CLANG_WARN_INT_CONVERSION = YES;
				CLANG_WARN_NON_LITERAL_NULL_CONVERSION = YES;
				CLANG_WARN_OBJC_IMPLICIT_RETAIN_SELF = YES;
				CLANG_WARN_OBJC_LITERAL_CONVERSION = YES;
				CLANG_WARN_OBJC_ROOT_CLASS = YES_ERROR;
				CLANG_WARN_QUOTED_INCLUDE_IN_FRAMEWORK_HEADER = YES;
				CLANG_WARN_RANGE_LOOP_ANALYSIS = YES;
				CLANG_WARN_STRICT_PROTOTYPES = YES;
				CLANG_WARN_SUSPICIOUS_MOVE = YES;
				CLANG_WARN_UNGUARDED_AVAILABILITY = YES_AGGRESSIVE;
				CLANG_WARN_UNREACHABLE_CODE = YES;
				CLANG_WARN__DUPLICATE_METHOD_MATCH = YES;
				COPY_PHASE_STRIP = NO;
				DEBUG_INFORMATION_FORMAT = "dwarf-with-dsym";
				ENABLE_NS_ASSERTIONS = NO;
				ENABLE_STRICT_OBJC_MSGSEND = YES;
				ENABLE_USER_SCRIPT_SANDBOXING = YES;
				GCC_C_LANGUAGE_STANDARD = gnu17;
				GCC_NO_COMMON_BLOCKS = YES;
				GCC_WARN_64_TO_32_BIT_CONVERSION = YES;
				GCC_WARN_ABOUT_RETURN_TYPE = YES_ERROR;
				GCC_WARN_UNDECLARED_SELECTOR = YES;
				GCC_WARN_UNINITIALIZED_AUTOS = YES_AGGRESSIVE;
				GCC_WARN_UNUSED_FUNCTION = YES;
				GCC_WARN_UNUSED_VARIABLE = YES;
				IPHONEOS_DEPLOYMENT_TARGET = 17.2;
				LOCALIZATION_PREFERS_STRING_CATALOGS = YES;
				MTL_ENABLE_DEBUG_INFO = NO;
				MTL_FAST_MATH = YES;
				SDKROOT = iphoneos;
				SWIFT_COMPILATION_MODE = wholemodule;
				VALIDATE_PRODUCT = YES;
			};
			name = Release;
		};
		256B47912BE8DF8400820795 /* Debug */ = {
			isa = XCBuildConfiguration;
			buildSettings = {
				ASSETCATALOG_COMPILER_APPICON_NAME = AppIcon;
				ASSETCATALOG_COMPILER_GLOBAL_ACCENT_COLOR_NAME = AccentColor;
				CODE_SIGN_STYLE = Automatic;
				CURRENT_PROJECT_VERSION = 1;
				DEVELOPMENT_ASSET_PATHS = "\"MusicGame/Preview Content\"";
				DEVELOPMENT_TEAM = QH9X33Y55J;
				ENABLE_PREVIEWS = YES;
				GENERATE_INFOPLIST_FILE = YES;
				INFOPLIST_KEY_NSAppleMusicUsageDescription = "Use your Apple Music subscription to enable full functionality of the app";
				INFOPLIST_KEY_UIApplicationSceneManifest_Generation = YES;
				INFOPLIST_KEY_UIApplicationSupportsIndirectInputEvents = YES;
				INFOPLIST_KEY_UILaunchScreen_Generation = YES;
				INFOPLIST_KEY_UISupportedInterfaceOrientations_iPad = "UIInterfaceOrientationPortrait UIInterfaceOrientationPortraitUpsideDown UIInterfaceOrientationLandscapeLeft UIInterfaceOrientationLandscapeRight";
				INFOPLIST_KEY_UISupportedInterfaceOrientations_iPhone = "UIInterfaceOrientationPortrait UIInterfaceOrientationLandscapeLeft UIInterfaceOrientationLandscapeRight";
				LD_RUNPATH_SEARCH_PATHS = (
					"$(inherited)",
					"@executable_path/Frameworks",
				);
				MARKETING_VERSION = 1.0;
				PRODUCT_BUNDLE_IDENTIFIER = dev.ramaadi.MusicGame;
				PRODUCT_NAME = "$(TARGET_NAME)";
				SWIFT_EMIT_LOC_STRINGS = YES;
				SWIFT_VERSION = 5.0;
				TARGETED_DEVICE_FAMILY = "1,2";
			};
			name = Debug;
		};
		256B47922BE8DF8400820795 /* Release */ = {
			isa = XCBuildConfiguration;
			buildSettings = {
				ASSETCATALOG_COMPILER_APPICON_NAME = AppIcon;
				ASSETCATALOG_COMPILER_GLOBAL_ACCENT_COLOR_NAME = AccentColor;
				CODE_SIGN_STYLE = Automatic;
				CURRENT_PROJECT_VERSION = 1;
				DEVELOPMENT_ASSET_PATHS = "\"MusicGame/Preview Content\"";
				DEVELOPMENT_TEAM = QH9X33Y55J;
				ENABLE_PREVIEWS = YES;
				GENERATE_INFOPLIST_FILE = YES;
				INFOPLIST_KEY_NSAppleMusicUsageDescription = "Use your Apple Music subscription to enable full functionality of the app";
				INFOPLIST_KEY_UIApplicationSceneManifest_Generation = YES;
				INFOPLIST_KEY_UIApplicationSupportsIndirectInputEvents = YES;
				INFOPLIST_KEY_UILaunchScreen_Generation = YES;
				INFOPLIST_KEY_UISupportedInterfaceOrientations_iPad = "UIInterfaceOrientationPortrait UIInterfaceOrientationPortraitUpsideDown UIInterfaceOrientationLandscapeLeft UIInterfaceOrientationLandscapeRight";
				INFOPLIST_KEY_UISupportedInterfaceOrientations_iPhone = "UIInterfaceOrientationPortrait UIInterfaceOrientationLandscapeLeft UIInterfaceOrientationLandscapeRight";
				LD_RUNPATH_SEARCH_PATHS = (
					"$(inherited)",
					"@executable_path/Frameworks",
				);
				MARKETING_VERSION = 1.0;
				PRODUCT_BUNDLE_IDENTIFIER = dev.ramaadi.MusicGame;
				PRODUCT_NAME = "$(TARGET_NAME)";
				SWIFT_EMIT_LOC_STRINGS = YES;
				SWIFT_VERSION = 5.0;
				TARGETED_DEVICE_FAMILY = "1,2";
			};
			name = Release;
		};
		256B47942BE8DF8400820795 /* Debug */ = {
			isa = XCBuildConfiguration;
			buildSettings = {
				ALWAYS_EMBED_SWIFT_STANDARD_LIBRARIES = YES;
				BUNDLE_LOADER = "$(TEST_HOST)";
				CODE_SIGN_STYLE = Automatic;
				CURRENT_PROJECT_VERSION = 1;
				DEVELOPMENT_TEAM = QH9X33Y55J;
				GENERATE_INFOPLIST_FILE = YES;
				IPHONEOS_DEPLOYMENT_TARGET = 17.2;
				MARKETING_VERSION = 1.0;
				PRODUCT_BUNDLE_IDENTIFIER = dev.ramaadi.MusicGameTests;
				PRODUCT_NAME = "$(TARGET_NAME)";
				SWIFT_EMIT_LOC_STRINGS = NO;
				SWIFT_VERSION = 5.0;
				TARGETED_DEVICE_FAMILY = "1,2";
				TEST_HOST = "$(BUILT_PRODUCTS_DIR)/MusicGame.app/$(BUNDLE_EXECUTABLE_FOLDER_PATH)/MusicGame";
			};
			name = Debug;
		};
		256B47952BE8DF8400820795 /* Release */ = {
			isa = XCBuildConfiguration;
			buildSettings = {
				ALWAYS_EMBED_SWIFT_STANDARD_LIBRARIES = YES;
				BUNDLE_LOADER = "$(TEST_HOST)";
				CODE_SIGN_STYLE = Automatic;
				CURRENT_PROJECT_VERSION = 1;
				DEVELOPMENT_TEAM = QH9X33Y55J;
				GENERATE_INFOPLIST_FILE = YES;
				IPHONEOS_DEPLOYMENT_TARGET = 17.2;
				MARKETING_VERSION = 1.0;
				PRODUCT_BUNDLE_IDENTIFIER = dev.ramaadi.MusicGameTests;
				PRODUCT_NAME = "$(TARGET_NAME)";
				SWIFT_EMIT_LOC_STRINGS = NO;
				SWIFT_VERSION = 5.0;
				TARGETED_DEVICE_FAMILY = "1,2";
				TEST_HOST = "$(BUILT_PRODUCTS_DIR)/MusicGame.app/$(BUNDLE_EXECUTABLE_FOLDER_PATH)/MusicGame";
			};
			name = Release;
		};
		256B47972BE8DF8400820795 /* Debug */ = {
			isa = XCBuildConfiguration;
			buildSettings = {
				ALWAYS_EMBED_SWIFT_STANDARD_LIBRARIES = YES;
				CODE_SIGN_STYLE = Automatic;
				CURRENT_PROJECT_VERSION = 1;
				DEVELOPMENT_TEAM = QH9X33Y55J;
				GENERATE_INFOPLIST_FILE = YES;
				MARKETING_VERSION = 1.0;
				PRODUCT_BUNDLE_IDENTIFIER = dev.ramaadi.MusicGameUITests;
				PRODUCT_NAME = "$(TARGET_NAME)";
				SWIFT_EMIT_LOC_STRINGS = NO;
				SWIFT_VERSION = 5.0;
				TARGETED_DEVICE_FAMILY = "1,2";
				TEST_TARGET_NAME = MusicGame;
			};
			name = Debug;
		};
		256B47982BE8DF8400820795 /* Release */ = {
			isa = XCBuildConfiguration;
			buildSettings = {
				ALWAYS_EMBED_SWIFT_STANDARD_LIBRARIES = YES;
				CODE_SIGN_STYLE = Automatic;
				CURRENT_PROJECT_VERSION = 1;
				DEVELOPMENT_TEAM = QH9X33Y55J;
				GENERATE_INFOPLIST_FILE = YES;
				MARKETING_VERSION = 1.0;
				PRODUCT_BUNDLE_IDENTIFIER = dev.ramaadi.MusicGameUITests;
				PRODUCT_NAME = "$(TARGET_NAME)";
				SWIFT_EMIT_LOC_STRINGS = NO;
				SWIFT_VERSION = 5.0;
				TARGETED_DEVICE_FAMILY = "1,2";
				TEST_TARGET_NAME = MusicGame;
			};
			name = Release;
		};
/* End XCBuildConfiguration section */

/* Begin XCConfigurationList section */
		256B47672BE8DF8200820795 /* Build configuration list for PBXProject "MusicGame" */ = {
			isa = XCConfigurationList;
			buildConfigurations = (
				256B478E2BE8DF8400820795 /* Debug */,
				256B478F2BE8DF8400820795 /* Release */,
			);
			defaultConfigurationIsVisible = 0;
			defaultConfigurationName = Release;
		};
		256B47902BE8DF8400820795 /* Build configuration list for PBXNativeTarget "MusicGame" */ = {
			isa = XCConfigurationList;
			buildConfigurations = (
				256B47912BE8DF8400820795 /* Debug */,
				256B47922BE8DF8400820795 /* Release */,
			);
			defaultConfigurationIsVisible = 0;
			defaultConfigurationName = Release;
		};
		256B47932BE8DF8400820795 /* Build configuration list for PBXNativeTarget "MusicGameTests" */ = {
			isa = XCConfigurationList;
			buildConfigurations = (
				256B47942BE8DF8400820795 /* Debug */,
				256B47952BE8DF8400820795 /* Release */,
			);
			defaultConfigurationIsVisible = 0;
			defaultConfigurationName = Release;
		};
		256B47962BE8DF8400820795 /* Build configuration list for PBXNativeTarget "MusicGameUITests" */ = {
			isa = XCConfigurationList;
			buildConfigurations = (
				256B47972BE8DF8400820795 /* Debug */,
				256B47982BE8DF8400820795 /* Release */,
			);
			defaultConfigurationIsVisible = 0;
			defaultConfigurationName = Release;
		};
/* End XCConfigurationList section */

/* Begin XCRemoteSwiftPackageReference section */
		25819D5D2BEA360500BB2166 /* XCRemoteSwiftPackageReference "MusadoraKit" */ = {
			isa = XCRemoteSwiftPackageReference;
			repositoryURL = "https://github.com/rryam/MusadoraKit.git";
			requirement = {
				branch = main;
				kind = branch;
			};
		};
		25819D622BEA37A400BB2166 /* XCRemoteSwiftPackageReference "CachedAsyncImage" */ = {
			isa = XCRemoteSwiftPackageReference;
			repositoryURL = "https://github.com/bullinnyc/CachedAsyncImage.git";
			requirement = {
				kind = upToNextMajorVersion;
				minimumVersion = 2.6.0;
			};
		};
/* End XCRemoteSwiftPackageReference section */

/* Begin XCSwiftPackageProductDependency section */
		25819D5E2BEA360500BB2166 /* MusadoraKit */ = {
			isa = XCSwiftPackageProductDependency;
			package = 25819D5D2BEA360500BB2166 /* XCRemoteSwiftPackageReference "MusadoraKit" */;
			productName = MusadoraKit;
		};
		25819D632BEA37A400BB2166 /* CachedAsyncImage */ = {
			isa = XCSwiftPackageProductDependency;
			package = 25819D622BEA37A400BB2166 /* XCRemoteSwiftPackageReference "CachedAsyncImage" */;
			productName = CachedAsyncImage;
		};
/* End XCSwiftPackageProductDependency section */
	};
	rootObject = 256B47642BE8DF8200820795 /* Project object */;
}
